
Microsoft Visual Studio Solution File, Format Version 12.00
# Visual Studio Version 17
VisualStudioVersion = 17.4.33110.190
MinimumVisualStudioVersion = 10.0.40219.1
Project("{8BC9CEB8-8B4A-11D0-8D11-00A0C91BC942}") = "dll_project", "dll_project\dll_project.vcxproj", "{EBCD957A-1A7E-4FEF-BBE7-8085BE05DF1D}"
EndProject
Project("{8BC9CEB8-8B4A-11D0-8D11-00A0C91BC942}") = "test", "test\test.vcxproj", "{6C29616B-F057-4F85-9ABA-F3FD4F24AFE5}"
	ProjectSection(ProjectDependencies) = postProject
		{EBCD957A-1A7E-4FEF-BBE7-8085BE05DF1D} = {EBCD957A-1A7E-4FEF-BBE7-8085BE05DF1D}
	EndProjectSection
EndProject
Global
	GlobalSection(SolutionConfigurationPlatforms) = preSolution
		Debug|x64 = Debug|x64
		Debug|x86 = Debug|x86
		Release|x64 = Release|x64
		Release|x86 = Release|x86
	EndGlobalSection
	GlobalSection(ProjectConfigurationPlatforms) = postSolution
		{EBCD957A-1A7E-4FEF-BBE7-8085BE05DF1D}.Debug|x64.ActiveCfg = Debug|x64
		{EBCD957A-1A7E-4FEF-BBE7-8085BE05DF1D}.Debug|x64.Build.0 = Debug|x64
		{EBCD957A-1A7E-4FEF-BBE7-8085BE05DF1D}.Debug|x86.ActiveCfg = Debug|Win32
		{EBCD957A-1A7E-4FEF-BBE7-8085BE05DF1D}.Debug|x86.Build.0 = Debug|Win32
		{EBCD957A-1A7E-4FEF-BBE7-8085BE05DF1D}.Release|x64.ActiveCfg = Release|x64
		{EBCD957A-1A7E-4FEF-BBE7-8085BE05DF1D}.Release|x64.Build.0 = Release|x64
		{EBCD957A-1A7E-4FEF-BBE7-8085BE05DF1D}.Release|x86.ActiveCfg = Release|Win32
		{EBCD957A-1A7E-4FEF-BBE7-8085BE05DF1D}.Release|x86.Build.0 = Release|Win32
		{6C29616B-F057-4F85-9ABA-F3FD4F24AFE5}.Debug|x64.ActiveCfg = Debug|x64
		{6C29616B-F057-4F85-9ABA-F3FD4F24AFE5}.Debug|x64.Build.0 = Debug|x64
		{6C29616B-F057-4F85-9ABA-F3FD4F24AFE5}.Debug|x86.ActiveCfg = Debug|Win32
		{6C29616B-F057-4F85-9ABA-F3FD4F24AFE5}.Debug|x86.Build.0 = Debug|Win32
		{6C29616B-F057-4F85-9ABA-F3FD4F24AFE5}.Release|x64.ActiveCfg = Release|x64
		{6C29616B-F057-4F85-9ABA-F3FD4F24AFE5}.Release|x64.Build.0 = Release|x64
		{6C29616B-F057-4F85-9ABA-F3FD4F24AFE5}.Release|x86.ActiveCfg = Release|Win32
		{6C29616B-F057-4F85-9ABA-F3FD4F24AFE5}.Release|x86.Build.0 = Release|Win32
	EndGlobalSection
	GlobalSection(SolutionProperties) = preSolution
		HideSolutionNode = FALSE
	EndGlobalSection
	GlobalSection(ExtensibilityGlobals) = postSolution
		SolutionGuid = {CA74166D-7BBB-4027-9538-734796AC29B8}
	EndGlobalSection
EndGlobal
